
Microsoft Visual Studio Solution File, Format Version 12.00
Project("{FAE04EC0-301F-11D3-BF4B-00C04F79EFBC}") = "CSharpFundamentals", "CSharpFundamentals\CSharpFundamentals.csproj", "{E9C4A345-1364-448C-A927-0A34506AFF5F}"
EndProject
Global
	GlobalSection(SolutionConfigurationPlatforms) = preSolution
		Debug|Any CPU = Debug|Any CPU
		Release|Any CPU = Release|Any CPU
	EndGlobalSection
	GlobalSection(ProjectConfigurationPlatforms) = postSolution
		{E9C4A345-1364-448C-A927-0A34506AFF5F}.Debug|Any CPU.ActiveCfg = Debug|Any CPU
		{E9C4A345-1364-448C-A927-0A34506AFF5F}.Debug|Any CPU.Build.0 = Debug|Any CPU
		{E9C4A345-1364-448C-A927-0A34506AFF5F}.Release|Any CPU.ActiveCfg = Release|Any CPU
		{E9C4A345-1364-448C-A927-0A34506AFF5F}.Release|Any CPU.Build.0 = Release|Any CPU
	EndGlobalSection
EndGlobal
